<?xml version="1.0" encoding="utf-8"?>
<Project ToolsVersion="4.0" xmlns="http://schemas.microsoft.com/developer/msbuild/2003">
  <ItemGroup>
    <Filter Include="Source Files">
      <UniqueIdentifier>{1c680cdf-112f-4748-b7fb-c50c7c141bff}</UniqueIdentifier>
      <Extensions>cpp;c;cxx;rc;def;r;odl;idl;hpj;bat</Extensions>
    </Filter>
    <Filter Include="Header Files">
      <UniqueIdentifier>{2aede249-e7d0-426a-b366-378bf6314202}</UniqueIdentifier>
      <Extensions>h;hpp;hxx;hm;inl</Extensions>
    </Filter>
    <Filter Include="Resource Files">
      <UniqueIdentifier>{e66d6c2b-dea2-41a8-b7e8-29b062245321}</UniqueIdentifier>
      <Extensions>ico;cur;bmp;dlg;rc2;rct;bin;rgs;gif;jpg;jpeg;jpe</Extensions>
    </Filter>
  </ItemGroup>
  <ItemGroup>
    <ClCompile Include="CFrustum.cpp">
      <Filter>Source Files</Filter>
    </ClCompile>
    <ClCompile Include="CGLFontClass.cpp">
      <Filter>Source Files</Filter>
    </ClCompile>
    <ClCompile Include="CHeightClass.cpp">
      <Filter>Source Files</Filter>
    </ClCompile>
    <ClCompile Include="CTerrainVBOCull.cpp">
      <Filter>Source Files</Filter>
    </ClCompile>
    <ClCompile Include="MGLApp.cpp">
      <Filter>Source Files</Filter>
    </ClCompile>
    <ClCompile Include="MGLTargaImage.cpp">
      <Filter>Source Files</Filter>
    </ClCompile>
    <ClCompile Include="MGLWin32.cpp">
      <Filter>Source Files</Filter>
    </ClCompile>
    <ClCompile Include="AStarPathFinding.cpp">
      <Filter>Source Files</Filter>
    </ClCompile>
    <ClCompile Include="MapInfo.cpp">
      <Filter>Source Files</Filter>
    </ClCompile>
  </ItemGroup>
  <ItemGroup>
    <ClInclude Include="CFrustum.h">
      <Filter>Header Files</Filter>
    </ClInclude>
    <ClInclude Include="CGLFontClass.h">
      <Filter>Header Files</Filter>
    </ClInclude>
    <ClInclude Include="CHeightClass.h">
      <Filter>Header Files</Filter>
    </ClInclude>
    <ClInclude Include="CTerrainVBOCull.h">
      <Filter>Header Files</Filter>
    </ClInclude>
    <ClInclude Include="GLee.h">
      <Filter>Header Files</Filter>
    </ClInclude>
    <ClInclude Include="MGLApp.h">
      <Filter>Header Files</Filter>
    </ClInclude>
    <ClInclude Include="MGLTargaImage.h">
      <Filter>Header Files</Filter>
    </ClInclude>
    <ClInclude Include="MGLTimer.h">
      <Filter>Header Files</Filter>
    </ClInclude>
    <ClInclude Include="MGLTypes.h">
      <Filter>Header Files</Filter>
    </ClInclude>
    <ClInclude Include="MGLVector.h">
      <Filter>Header Files</Filter>
    </ClInclude>
    <ClInclude Include="GraphNode.h">
      <Filter>Header Files</Filter>
    </ClInclude>
    <ClInclude Include="LinkList.h">
      <Filter>Header Files</Filter>
    </ClInclude>
    <ClInclude Include="AStarPathFinding.h">
      <Filter>Header Files</Filter>
    </ClInclude>
    <ClInclude Include="MapInfo.h">
      <Filter>Header Files</Filter>
    </ClInclude>
    <ClInclude Include="ChunkHeader.h">
      <Filter>Header Files</Filter>
    </ClInclude>
  </ItemGroup>
  <ItemGroup>
    <CustomBuild Include="extensionList.txt" />
  </ItemGroup>
  <ItemGroup>
    <None Include="testfile.txt" />
  </ItemGroup>
</Project>